
Microsoft Visual Studio Solution File, Format Version 12.00
# Visual Studio 15
VisualStudioVersion = 15.0.27130.2036
MinimumVisualStudioVersion = 10.0.40219.1
Project("{9A19103F-16F7-4668-BE54-9A1E7A4F7556}") = "MVCCoreTutorial", "MVCCoreTutorial\MVCCoreTutorial.csproj", "{F5F15659-6B75-4A64-9317-AEE9CABBDE93}"
EndProject
Project("{FAE04EC0-301F-11D3-BF4B-00C04F79EFBC}") = "MVCCoreWebApp", "MVCCoreWebApp\MVCCoreWebApp.csproj", "{8E43A4EE-F64A-4A1C-86DD-73601EAA33AF}"
EndProject
Global
	GlobalSection(SolutionConfigurationPlatforms) = preSolution
		Debug|Any CPU = Debug|Any CPU
		Release|Any CPU = Release|Any CPU
	EndGlobalSection
	GlobalSection(ProjectConfigurationPlatforms) = postSolution
		{F5F15659-6B75-4A64-9317-AEE9CABBDE93}.Debug|Any CPU.ActiveCfg = Debug|Any CPU
		{F5F15659-6B75-4A64-9317-AEE9CABBDE93}.Debug|Any CPU.Build.0 = Debug|Any CPU
		{F5F15659-6B75-4A64-9317-AEE9CABBDE93}.Release|Any CPU.ActiveCfg = Release|Any CPU
		{F5F15659-6B75-4A64-9317-AEE9CABBDE93}.Release|Any CPU.Build.0 = Release|Any CPU
		{8E43A4EE-F64A-4A1C-86DD-73601EAA33AF}.Debug|Any CPU.ActiveCfg = Debug|Any CPU
		{8E43A4EE-F64A-4A1C-86DD-73601EAA33AF}.Debug|Any CPU.Build.0 = Debug|Any CPU
		{8E43A4EE-F64A-4A1C-86DD-73601EAA33AF}.Release|Any CPU.ActiveCfg = Release|Any CPU
		{8E43A4EE-F64A-4A1C-86DD-73601EAA33AF}.Release|Any CPU.Build.0 = Release|Any CPU
	EndGlobalSection
	GlobalSection(SolutionProperties) = preSolution
		HideSolutionNode = FALSE
	EndGlobalSection
	GlobalSection(ExtensibilityGlobals) = postSolution
		SolutionGuid = {291642B8-D359-44A2-BC20-46C3C5BF2BA4}
	EndGlobalSection
EndGlobal
